
Microsoft Visual Studio Solution File, Format Version 12.00
# Visual Studio Version 17
VisualStudioVersion = 17.0.31903.59
MinimumVisualStudioVersion = 10.0.40219.1
Project("{2150E333-8FDC-42A3-9474-1A3956D46DE8}") = "src", "src", "{0D8673C5-C887-4817-AA32-796972B74B8B}"
EndProject
Project("{FAE04EC0-301F-11D3-BF4B-00C04F79EFBC}") = "Wx411.Core", "src\Wx411.Core\Wx411.Core.csproj", "{7AC34442-B545-42D0-A787-62834A1087C0}"
EndProject
Project("{FAE04EC0-301F-11D3-BF4B-00C04F79EFBC}") = "Wx411.Easy", "src\Wx411.Easy\Wx411.Easy.csproj", "{DDE42689-95C2-43C6-ABE5-5CEB75ED231D}"
EndProject
Project("{2150E333-8FDC-42A3-9474-1A3956D46DE8}") = "tests", "tests", "{58644A75-B0A7-4F3C-B0B7-CFF858422D03}"
EndProject
Project("{FAE04EC0-301F-11D3-BF4B-00C04F79EFBC}") = "Wx411.Core.Tests", "tests\Wx411.Core.Tests\Wx411.Core.Tests.csproj", "{A524B3A5-AB5D-4CA8-B7F1-FE51DC30228A}"
EndProject
Project("{FAE04EC0-301F-11D3-BF4B-00C04F79EFBC}") = "Wx411.Export", "src\Wx411.Export\Wx411.Export.csproj", "{AFD1A1D6-DDC1-41F4-849E-E51B5512D728}"
EndProject
Project("{FAE04EC0-301F-11D3-BF4B-00C04F79EFBC}") = "Wx411.Export.Cli", "src\Wx411.Export.Cli\Wx411.Export.Cli.csproj", "{E6A399B7-A192-4A7A-9127-9022ABC542CC}"
EndProject
Project("{FAE04EC0-301F-11D3-BF4B-00C04F79EFBC}") = "Wx411.Export.Tests", "tests\Wx411.Export.Tests\Wx411.Export.Tests.csproj", "{D03F1528-C91E-4874-8AE1-92663C79EE51}"
EndProject
Global
	GlobalSection(SolutionConfigurationPlatforms) = preSolution
		Debug|Any CPU = Debug|Any CPU
		Release|Any CPU = Release|Any CPU
	EndGlobalSection
	GlobalSection(SolutionProperties) = preSolution
		HideSolutionNode = FALSE
	EndGlobalSection
	GlobalSection(ProjectConfigurationPlatforms) = postSolution
		{7AC34442-B545-42D0-A787-62834A1087C0}.Debug|Any CPU.ActiveCfg = Debug|Any CPU
		{7AC34442-B545-42D0-A787-62834A1087C0}.Debug|Any CPU.Build.0 = Debug|Any CPU
		{7AC34442-B545-42D0-A787-62834A1087C0}.Release|Any CPU.ActiveCfg = Release|Any CPU
		{7AC34442-B545-42D0-A787-62834A1087C0}.Release|Any CPU.Build.0 = Release|Any CPU
		{DDE42689-95C2-43C6-ABE5-5CEB75ED231D}.Debug|Any CPU.ActiveCfg = Debug|Any CPU
		{DDE42689-95C2-43C6-ABE5-5CEB75ED231D}.Debug|Any CPU.Build.0 = Debug|Any CPU
		{DDE42689-95C2-43C6-ABE5-5CEB75ED231D}.Release|Any CPU.ActiveCfg = Release|Any CPU
		{DDE42689-95C2-43C6-ABE5-5CEB75ED231D}.Release|Any CPU.Build.0 = Release|Any CPU
		{A524B3A5-AB5D-4CA8-B7F1-FE51DC30228A}.Debug|Any CPU.ActiveCfg = Debug|Any CPU
		{A524B3A5-AB5D-4CA8-B7F1-FE51DC30228A}.Debug|Any CPU.Build.0 = Debug|Any CPU
		{A524B3A5-AB5D-4CA8-B7F1-FE51DC30228A}.Release|Any CPU.ActiveCfg = Release|Any CPU
		{A524B3A5-AB5D-4CA8-B7F1-FE51DC30228A}.Release|Any CPU.Build.0 = Release|Any CPU
		{AFD1A1D6-DDC1-41F4-849E-E51B5512D728}.Debug|Any CPU.ActiveCfg = Debug|Any CPU
		{AFD1A1D6-DDC1-41F4-849E-E51B5512D728}.Debug|Any CPU.Build.0 = Debug|Any CPU
		{AFD1A1D6-DDC1-41F4-849E-E51B5512D728}.Release|Any CPU.ActiveCfg = Release|Any CPU
		{AFD1A1D6-DDC1-41F4-849E-E51B5512D728}.Release|Any CPU.Build.0 = Release|Any CPU
		{E6A399B7-A192-4A7A-9127-9022ABC542CC}.Debug|Any CPU.ActiveCfg = Debug|Any CPU
		{E6A399B7-A192-4A7A-9127-9022ABC542CC}.Debug|Any CPU.Build.0 = Debug|Any CPU
		{E6A399B7-A192-4A7A-9127-9022ABC542CC}.Release|Any CPU.ActiveCfg = Release|Any CPU
		{E6A399B7-A192-4A7A-9127-9022ABC542CC}.Release|Any CPU.Build.0 = Release|Any CPU
		{D03F1528-C91E-4874-8AE1-92663C79EE51}.Debug|Any CPU.ActiveCfg = Debug|Any CPU
		{D03F1528-C91E-4874-8AE1-92663C79EE51}.Debug|Any CPU.Build.0 = Debug|Any CPU
		{D03F1528-C91E-4874-8AE1-92663C79EE51}.Release|Any CPU.ActiveCfg = Release|Any CPU
		{D03F1528-C91E-4874-8AE1-92663C79EE51}.Release|Any CPU.Build.0 = Release|Any CPU
	EndGlobalSection
	GlobalSection(NestedProjects) = preSolution
		{7AC34442-B545-42D0-A787-62834A1087C0} = {0D8673C5-C887-4817-AA32-796972B74B8B}
		{DDE42689-95C2-43C6-ABE5-5CEB75ED231D} = {0D8673C5-C887-4817-AA32-796972B74B8B}
		{A524B3A5-AB5D-4CA8-B7F1-FE51DC30228A} = {58644A75-B0A7-4F3C-B0B7-CFF858422D03}
		{AFD1A1D6-DDC1-41F4-849E-E51B5512D728} = {0D8673C5-C887-4817-AA32-796972B74B8B}
		{E6A399B7-A192-4A7A-9127-9022ABC542CC} = {0D8673C5-C887-4817-AA32-796972B74B8B}
		{D03F1528-C91E-4874-8AE1-92663C79EE51} = {58644A75-B0A7-4F3C-B0B7-CFF858422D03}
	EndGlobalSection
EndGlobal
